
Microsoft Visual Studio Solution File, Format Version 12.00
# Visual Studio 14
VisualStudioVersion = 14.0.24720.0
MinimumVisualStudioVersion = 10.0.40219.1
Project("{FAE04EC0-301F-11D3-BF4B-00C04F79EFBC}") = "MobileApp.Droid", "MobileApp\MobileApp.Droid\MobileApp.Droid.csproj", "{3F3B0575-698E-4497-80A1-01212FE2C5C1}"
EndProject
Project("{FAE04EC0-301F-11D3-BF4B-00C04F79EFBC}") = "MobileApp.iOS", "MobileApp\MobileApp.iOS\MobileApp.iOS.csproj", "{EDF28059-D04F-41D7-B444-C8C6FD89C904}"
EndProject
Project("{D954291E-2A0B-460D-934E-DC6B0785DB48}") = "MobileApp", "MobileApp\MobileApp\MobileApp.shproj", "{12F8C0C7-F069-4EBC-BEB3-347CAF829CF5}"
EndProject
Project("{FAE04EC0-301F-11D3-BF4B-00C04F79EFBC}") = "MobileApp.Wp", "MobileApp.Wp\MobileApp.Wp.csproj", "{5A0B17AA-D9FD-4384-ACE1-364194A166C8}"
EndProject
Global
	GlobalSection(SharedMSBuildProjectFiles) = preSolution
		MobileApp\MobileApp\MobileApp.projitems*{5a0b17aa-d9fd-4384-ace1-364194a166c8}*SharedItemsImports = 4
		MobileApp\MobileApp\MobileApp.projitems*{12f8c0c7-f069-4ebc-beb3-347caf829cf5}*SharedItemsImports = 13
		MobileApp\MobileApp\MobileApp.projitems*{edf28059-d04f-41d7-b444-c8c6fd89c904}*SharedItemsImports = 4
		MobileApp\MobileApp\MobileApp.projitems*{3f3b0575-698e-4497-80a1-01212fe2c5c1}*SharedItemsImports = 4
	EndGlobalSection
	GlobalSection(SolutionConfigurationPlatforms) = preSolution
		Ad-Hoc|Any CPU = Ad-Hoc|Any CPU
		Ad-Hoc|ARM = Ad-Hoc|ARM
		Ad-Hoc|iPhone = Ad-Hoc|iPhone
		Ad-Hoc|iPhoneSimulator = Ad-Hoc|iPhoneSimulator
		Ad-Hoc|x86 = Ad-Hoc|x86
		AppStore|Any CPU = AppStore|Any CPU
		AppStore|ARM = AppStore|ARM
		AppStore|iPhone = AppStore|iPhone
		AppStore|iPhoneSimulator = AppStore|iPhoneSimulator
		AppStore|x86 = AppStore|x86
		Debug|Any CPU = Debug|Any CPU
		Debug|ARM = Debug|ARM
		Debug|iPhone = Debug|iPhone
		Debug|iPhoneSimulator = Debug|iPhoneSimulator
		Debug|x86 = Debug|x86
		Release|Any CPU = Release|Any CPU
		Release|ARM = Release|ARM
		Release|iPhone = Release|iPhone
		Release|iPhoneSimulator = Release|iPhoneSimulator
		Release|x86 = Release|x86
	EndGlobalSection
	GlobalSection(ProjectConfigurationPlatforms) = postSolution
		{3F3B0575-698E-4497-80A1-01212FE2C5C1}.Ad-Hoc|Any CPU.ActiveCfg = Release|Any CPU
		{3F3B0575-698E-4497-80A1-01212FE2C5C1}.Ad-Hoc|Any CPU.Build.0 = Release|Any CPU
		{3F3B0575-698E-4497-80A1-01212FE2C5C1}.Ad-Hoc|Any CPU.Deploy.0 = Release|Any CPU
		{3F3B0575-698E-4497-80A1-01212FE2C5C1}.Ad-Hoc|ARM.ActiveCfg = Release|Any CPU
		{3F3B0575-698E-4497-80A1-01212FE2C5C1}.Ad-Hoc|ARM.Build.0 = Release|Any CPU
		{3F3B0575-698E-4497-80A1-01212FE2C5C1}.Ad-Hoc|ARM.Deploy.0 = Release|Any CPU
		{3F3B0575-698E-4497-80A1-01212FE2C5C1}.Ad-Hoc|iPhone.ActiveCfg = Release|Any CPU
		{3F3B0575-698E-4497-80A1-01212FE2C5C1}.Ad-Hoc|iPhone.Build.0 = Release|Any CPU
		{3F3B0575-698E-4497-80A1-01212FE2C5C1}.Ad-Hoc|iPhone.Deploy.0 = Release|Any CPU
		{3F3B0575-698E-4497-80A1-01212FE2C5C1}.Ad-Hoc|iPhoneSimulator.ActiveCfg = Release|Any CPU
		{3F3B0575-698E-4497-80A1-01212FE2C5C1}.Ad-Hoc|iPhoneSimulator.Build.0 = Release|Any CPU
		{3F3B0575-698E-4497-80A1-01212FE2C5C1}.Ad-Hoc|iPhoneSimulator.Deploy.0 = Release|Any CPU
		{3F3B0575-698E-4497-80A1-01212FE2C5C1}.Ad-Hoc|x86.ActiveCfg = Release|Any CPU
		{3F3B0575-698E-4497-80A1-01212FE2C5C1}.Ad-Hoc|x86.Build.0 = Release|Any CPU
		{3F3B0575-698E-4497-80A1-01212FE2C5C1}.Ad-Hoc|x86.Deploy.0 = Release|Any CPU
		{3F3B0575-698E-4497-80A1-01212FE2C5C1}.AppStore|Any CPU.ActiveCfg = Release|Any CPU
		{3F3B0575-698E-4497-80A1-01212FE2C5C1}.AppStore|Any CPU.Build.0 = Release|Any CPU
		{3F3B0575-698E-4497-80A1-01212FE2C5C1}.AppStore|Any CPU.Deploy.0 = Release|Any CPU
		{3F3B0575-698E-4497-80A1-01212FE2C5C1}.AppStore|ARM.ActiveCfg = Release|Any CPU
		{3F3B0575-698E-4497-80A1-01212FE2C5C1}.AppStore|ARM.Build.0 = Release|Any CPU
		{3F3B0575-698E-4497-80A1-01212FE2C5C1}.AppStore|ARM.Deploy.0 = Release|Any CPU
		{3F3B0575-698E-4497-80A1-01212FE2C5C1}.AppStore|iPhone.ActiveCfg = Release|Any CPU
		{3F3B0575-698E-4497-80A1-01212FE2C5C1}.AppStore|iPhone.Build.0 = Release|Any CPU
		{3F3B0575-698E-4497-80A1-01212FE2C5C1}.AppStore|iPhone.Deploy.0 = Release|Any CPU
		{3F3B0575-698E-4497-80A1-01212FE2C5C1}.AppStore|iPhoneSimulator.ActiveCfg = Release|Any CPU
		{3F3B0575-698E-4497-80A1-01212FE2C5C1}.AppStore|iPhoneSimulator.Build.0 = Release|Any CPU
		{3F3B0575-698E-4497-80A1-01212FE2C5C1}.AppStore|iPhoneSimulator.Deploy.0 = Release|Any CPU
		{3F3B0575-698E-4497-80A1-01212FE2C5C1}.AppStore|x86.ActiveCfg = Release|Any CPU
		{3F3B0575-698E-4497-80A1-01212FE2C5C1}.AppStore|x86.Build.0 = Release|Any CPU
		{3F3B0575-698E-4497-80A1-01212FE2C5C1}.AppStore|x86.Deploy.0 = Release|Any CPU
		{3F3B0575-698E-4497-80A1-01212FE2C5C1}.Debug|Any CPU.ActiveCfg = Debug|Any CPU
		{3F3B0575-698E-4497-80A1-01212FE2C5C1}.Debug|Any CPU.Build.0 = Debug|Any CPU
		{3F3B0575-698E-4497-80A1-01212FE2C5C1}.Debug|Any CPU.Deploy.0 = Debug|Any CPU
		{3F3B0575-698E-4497-80A1-01212FE2C5C1}.Debug|ARM.ActiveCfg = Debug|Any CPU
		{3F3B0575-698E-4497-80A1-01212FE2C5C1}.Debug|ARM.Build.0 = Debug|Any CPU
		{3F3B0575-698E-4497-80A1-01212FE2C5C1}.Debug|ARM.Deploy.0 = Debug|Any CPU
		{3F3B0575-698E-4497-80A1-01212FE2C5C1}.Debug|iPhone.ActiveCfg = Debug|Any CPU
		{3F3B0575-698E-4497-80A1-01212FE2C5C1}.Debug|iPhone.Build.0 = Debug|Any CPU
		{3F3B0575-698E-4497-80A1-01212FE2C5C1}.Debug|iPhone.Deploy.0 = Debug|Any CPU
		{3F3B0575-698E-4497-80A1-01212FE2C5C1}.Debug|iPhoneSimulator.ActiveCfg = Debug|Any CPU
		{3F3B0575-698E-4497-80A1-01212FE2C5C1}.Debug|iPhoneSimulator.Build.0 = Debug|Any CPU
		{3F3B0575-698E-4497-80A1-01212FE2C5C1}.Debug|iPhoneSimulator.Deploy.0 = Debug|Any CPU
		{3F3B0575-698E-4497-80A1-01212FE2C5C1}.Debug|x86.ActiveCfg = Debug|Any CPU
		{3F3B0575-698E-4497-80A1-01212FE2C5C1}.Debug|x86.Build.0 = Debug|Any CPU
		{3F3B0575-698E-4497-80A1-01212FE2C5C1}.Debug|x86.Deploy.0 = Debug|Any CPU
		{3F3B0575-698E-4497-80A1-01212FE2C5C1}.Release|Any CPU.ActiveCfg = Release|Any CPU
		{3F3B0575-698E-4497-80A1-01212FE2C5C1}.Release|Any CPU.Build.0 = Release|Any CPU
		{3F3B0575-698E-4497-80A1-01212FE2C5C1}.Release|Any CPU.Deploy.0 = Release|Any CPU
		{3F3B0575-698E-4497-80A1-01212FE2C5C1}.Release|ARM.ActiveCfg = Release|Any CPU
		{3F3B0575-698E-4497-80A1-01212FE2C5C1}.Release|ARM.Build.0 = Release|Any CPU
		{3F3B0575-698E-4497-80A1-01212FE2C5C1}.Release|ARM.Deploy.0 = Release|Any CPU
		{3F3B0575-698E-4497-80A1-01212FE2C5C1}.Release|iPhone.ActiveCfg = Release|Any CPU
		{3F3B0575-698E-4497-80A1-01212FE2C5C1}.Release|iPhone.Build.0 = Release|Any CPU
		{3F3B0575-698E-4497-80A1-01212FE2C5C1}.Release|iPhone.Deploy.0 = Release|Any CPU
		{3F3B0575-698E-4497-80A1-01212FE2C5C1}.Release|iPhoneSimulator.ActiveCfg = Release|Any CPU
		{3F3B0575-698E-4497-80A1-01212FE2C5C1}.Release|iPhoneSimulator.Build.0 = Release|Any CPU
		{3F3B0575-698E-4497-80A1-01212FE2C5C1}.Release|iPhoneSimulator.Deploy.0 = Release|Any CPU
		{3F3B0575-698E-4497-80A1-01212FE2C5C1}.Release|x86.ActiveCfg = Release|Any CPU
		{3F3B0575-698E-4497-80A1-01212FE2C5C1}.Release|x86.Build.0 = Release|Any CPU
		{3F3B0575-698E-4497-80A1-01212FE2C5C1}.Release|x86.Deploy.0 = Release|Any CPU
		{EDF28059-D04F-41D7-B444-C8C6FD89C904}.Ad-Hoc|Any CPU.ActiveCfg = Ad-Hoc|iPhone
		{EDF28059-D04F-41D7-B444-C8C6FD89C904}.Ad-Hoc|ARM.ActiveCfg = Ad-Hoc|iPhone
		{EDF28059-D04F-41D7-B444-C8C6FD89C904}.Ad-Hoc|iPhone.ActiveCfg = Ad-Hoc|iPhone
		{EDF28059-D04F-41D7-B444-C8C6FD89C904}.Ad-Hoc|iPhone.Build.0 = Ad-Hoc|iPhone
		{EDF28059-D04F-41D7-B444-C8C6FD89C904}.Ad-Hoc|iPhoneSimulator.ActiveCfg = Ad-Hoc|iPhoneSimulator
		{EDF28059-D04F-41D7-B444-C8C6FD89C904}.Ad-Hoc|iPhoneSimulator.Build.0 = Ad-Hoc|iPhoneSimulator
		{EDF28059-D04F-41D7-B444-C8C6FD89C904}.Ad-Hoc|x86.ActiveCfg = Ad-Hoc|iPhone
		{EDF28059-D04F-41D7-B444-C8C6FD89C904}.AppStore|Any CPU.ActiveCfg = AppStore|iPhone
		{EDF28059-D04F-41D7-B444-C8C6FD89C904}.AppStore|ARM.ActiveCfg = AppStore|iPhone
		{EDF28059-D04F-41D7-B444-C8C6FD89C904}.AppStore|iPhone.ActiveCfg = AppStore|iPhone
		{EDF28059-D04F-41D7-B444-C8C6FD89C904}.AppStore|iPhone.Build.0 = AppStore|iPhone
		{EDF28059-D04F-41D7-B444-C8C6FD89C904}.AppStore|iPhoneSimulator.ActiveCfg = AppStore|iPhoneSimulator
		{EDF28059-D04F-41D7-B444-C8C6FD89C904}.AppStore|iPhoneSimulator.Build.0 = AppStore|iPhoneSimulator
		{EDF28059-D04F-41D7-B444-C8C6FD89C904}.AppStore|x86.ActiveCfg = AppStore|iPhone
		{EDF28059-D04F-41D7-B444-C8C6FD89C904}.Debug|Any CPU.ActiveCfg = Debug|iPhone
		{EDF28059-D04F-41D7-B444-C8C6FD89C904}.Debug|ARM.ActiveCfg = Debug|iPhone
		{EDF28059-D04F-41D7-B444-C8C6FD89C904}.Debug|iPhone.ActiveCfg = Debug|iPhone
		{EDF28059-D04F-41D7-B444-C8C6FD89C904}.Debug|iPhone.Build.0 = Debug|iPhone
		{EDF28059-D04F-41D7-B444-C8C6FD89C904}.Debug|iPhoneSimulator.ActiveCfg = Debug|iPhoneSimulator
		{EDF28059-D04F-41D7-B444-C8C6FD89C904}.Debug|iPhoneSimulator.Build.0 = Debug|iPhoneSimulator
		{EDF28059-D04F-41D7-B444-C8C6FD89C904}.Debug|x86.ActiveCfg = Debug|iPhone
		{EDF28059-D04F-41D7-B444-C8C6FD89C904}.Release|Any CPU.ActiveCfg = Release|iPhone
		{EDF28059-D04F-41D7-B444-C8C6FD89C904}.Release|ARM.ActiveCfg = Release|iPhone
		{EDF28059-D04F-41D7-B444-C8C6FD89C904}.Release|iPhone.ActiveCfg = Release|iPhone
		{EDF28059-D04F-41D7-B444-C8C6FD89C904}.Release|iPhone.Build.0 = Release|iPhone
		{EDF28059-D04F-41D7-B444-C8C6FD89C904}.Release|iPhoneSimulator.ActiveCfg = Release|iPhoneSimulator
		{EDF28059-D04F-41D7-B444-C8C6FD89C904}.Release|iPhoneSimulator.Build.0 = Release|iPhoneSimulator
		{EDF28059-D04F-41D7-B444-C8C6FD89C904}.Release|x86.ActiveCfg = Release|iPhone
		{5A0B17AA-D9FD-4384-ACE1-364194A166C8}.Ad-Hoc|Any CPU.ActiveCfg = Release|Any CPU
		{5A0B17AA-D9FD-4384-ACE1-364194A166C8}.Ad-Hoc|Any CPU.Build.0 = Release|Any CPU
		{5A0B17AA-D9FD-4384-ACE1-364194A166C8}.Ad-Hoc|Any CPU.Deploy.0 = Release|Any CPU
		{5A0B17AA-D9FD-4384-ACE1-364194A166C8}.Ad-Hoc|ARM.ActiveCfg = Release|ARM
		{5A0B17AA-D9FD-4384-ACE1-364194A166C8}.Ad-Hoc|ARM.Build.0 = Release|ARM
		{5A0B17AA-D9FD-4384-ACE1-364194A166C8}.Ad-Hoc|ARM.Deploy.0 = Release|ARM
		{5A0B17AA-D9FD-4384-ACE1-364194A166C8}.Ad-Hoc|iPhone.ActiveCfg = Release|Any CPU
		{5A0B17AA-D9FD-4384-ACE1-364194A166C8}.Ad-Hoc|iPhone.Build.0 = Release|Any CPU
		{5A0B17AA-D9FD-4384-ACE1-364194A166C8}.Ad-Hoc|iPhone.Deploy.0 = Release|Any CPU
		{5A0B17AA-D9FD-4384-ACE1-364194A166C8}.Ad-Hoc|iPhoneSimulator.ActiveCfg = Release|Any CPU
		{5A0B17AA-D9FD-4384-ACE1-364194A166C8}.Ad-Hoc|iPhoneSimulator.Build.0 = Release|Any CPU
		{5A0B17AA-D9FD-4384-ACE1-364194A166C8}.Ad-Hoc|iPhoneSimulator.Deploy.0 = Release|Any CPU
		{5A0B17AA-D9FD-4384-ACE1-364194A166C8}.Ad-Hoc|x86.ActiveCfg = Release|x86
		{5A0B17AA-D9FD-4384-ACE1-364194A166C8}.Ad-Hoc|x86.Build.0 = Release|x86
		{5A0B17AA-D9FD-4384-ACE1-364194A166C8}.Ad-Hoc|x86.Deploy.0 = Release|x86
		{5A0B17AA-D9FD-4384-ACE1-364194A166C8}.AppStore|Any CPU.ActiveCfg = Release|Any CPU
		{5A0B17AA-D9FD-4384-ACE1-364194A166C8}.AppStore|Any CPU.Build.0 = Release|Any CPU
		{5A0B17AA-D9FD-4384-ACE1-364194A166C8}.AppStore|Any CPU.Deploy.0 = Release|Any CPU
		{5A0B17AA-D9FD-4384-ACE1-364194A166C8}.AppStore|ARM.ActiveCfg = Release|ARM
		{5A0B17AA-D9FD-4384-ACE1-364194A166C8}.AppStore|ARM.Build.0 = Release|ARM
		{5A0B17AA-D9FD-4384-ACE1-364194A166C8}.AppStore|ARM.Deploy.0 = Release|ARM
		{5A0B17AA-D9FD-4384-ACE1-364194A166C8}.AppStore|iPhone.ActiveCfg = Release|Any CPU
		{5A0B17AA-D9FD-4384-ACE1-364194A166C8}.AppStore|iPhone.Build.0 = Release|Any CPU
		{5A0B17AA-D9FD-4384-ACE1-364194A166C8}.AppStore|iPhone.Deploy.0 = Release|Any CPU
		{5A0B17AA-D9FD-4384-ACE1-364194A166C8}.AppStore|iPhoneSimulator.ActiveCfg = Release|Any CPU
		{5A0B17AA-D9FD-4384-ACE1-364194A166C8}.AppStore|iPhoneSimulator.Build.0 = Release|Any CPU
		{5A0B17AA-D9FD-4384-ACE1-364194A166C8}.AppStore|iPhoneSimulator.Deploy.0 = Release|Any CPU
		{5A0B17AA-D9FD-4384-ACE1-364194A166C8}.AppStore|x86.ActiveCfg = Release|x86
		{5A0B17AA-D9FD-4384-ACE1-364194A166C8}.AppStore|x86.Build.0 = Release|x86
		{5A0B17AA-D9FD-4384-ACE1-364194A166C8}.AppStore|x86.Deploy.0 = Release|x86
		{5A0B17AA-D9FD-4384-ACE1-364194A166C8}.Debug|Any CPU.ActiveCfg = Debug|Any CPU
		{5A0B17AA-D9FD-4384-ACE1-364194A166C8}.Debug|Any CPU.Build.0 = Debug|Any CPU
		{5A0B17AA-D9FD-4384-ACE1-364194A166C8}.Debug|Any CPU.Deploy.0 = Debug|Any CPU
		{5A0B17AA-D9FD-4384-ACE1-364194A166C8}.Debug|ARM.ActiveCfg = Debug|ARM
		{5A0B17AA-D9FD-4384-ACE1-364194A166C8}.Debug|ARM.Build.0 = Debug|ARM
		{5A0B17AA-D9FD-4384-ACE1-364194A166C8}.Debug|ARM.Deploy.0 = Debug|ARM
		{5A0B17AA-D9FD-4384-ACE1-364194A166C8}.Debug|iPhone.ActiveCfg = Debug|Any CPU
		{5A0B17AA-D9FD-4384-ACE1-364194A166C8}.Debug|iPhone.Build.0 = Debug|Any CPU
		{5A0B17AA-D9FD-4384-ACE1-364194A166C8}.Debug|iPhone.Deploy.0 = Debug|Any CPU
		{5A0B17AA-D9FD-4384-ACE1-364194A166C8}.Debug|iPhoneSimulator.ActiveCfg = Debug|Any CPU
		{5A0B17AA-D9FD-4384-ACE1-364194A166C8}.Debug|iPhoneSimulator.Build.0 = Debug|Any CPU
		{5A0B17AA-D9FD-4384-ACE1-364194A166C8}.Debug|iPhoneSimulator.Deploy.0 = Debug|Any CPU
		{5A0B17AA-D9FD-4384-ACE1-364194A166C8}.Debug|x86.ActiveCfg = Debug|x86
		{5A0B17AA-D9FD-4384-ACE1-364194A166C8}.Debug|x86.Build.0 = Debug|x86
		{5A0B17AA-D9FD-4384-ACE1-364194A166C8}.Debug|x86.Deploy.0 = Debug|x86
		{5A0B17AA-D9FD-4384-ACE1-364194A166C8}.Release|Any CPU.ActiveCfg = Release|Any CPU
		{5A0B17AA-D9FD-4384-ACE1-364194A166C8}.Release|Any CPU.Build.0 = Release|Any CPU
		{5A0B17AA-D9FD-4384-ACE1-364194A166C8}.Release|Any CPU.Deploy.0 = Release|Any CPU
		{5A0B17AA-D9FD-4384-ACE1-364194A166C8}.Release|ARM.ActiveCfg = Release|ARM
		{5A0B17AA-D9FD-4384-ACE1-364194A166C8}.Release|ARM.Build.0 = Release|ARM
		{5A0B17AA-D9FD-4384-ACE1-364194A166C8}.Release|ARM.Deploy.0 = Release|ARM
		{5A0B17AA-D9FD-4384-ACE1-364194A166C8}.Release|iPhone.ActiveCfg = Release|Any CPU
		{5A0B17AA-D9FD-4384-ACE1-364194A166C8}.Release|iPhone.Build.0 = Release|Any CPU
		{5A0B17AA-D9FD-4384-ACE1-364194A166C8}.Release|iPhone.Deploy.0 = Release|Any CPU
		{5A0B17AA-D9FD-4384-ACE1-364194A166C8}.Release|iPhoneSimulator.ActiveCfg = Release|Any CPU
		{5A0B17AA-D9FD-4384-ACE1-364194A166C8}.Release|iPhoneSimulator.Build.0 = Release|Any CPU
		{5A0B17AA-D9FD-4384-ACE1-364194A166C8}.Release|iPhoneSimulator.Deploy.0 = Release|Any CPU
		{5A0B17AA-D9FD-4384-ACE1-364194A166C8}.Release|x86.ActiveCfg = Release|x86
		{5A0B17AA-D9FD-4384-ACE1-364194A166C8}.Release|x86.Build.0 = Release|x86
		{5A0B17AA-D9FD-4384-ACE1-364194A166C8}.Release|x86.Deploy.0 = Release|x86
	EndGlobalSection
	GlobalSection(SolutionProperties) = preSolution
		HideSolutionNode = FALSE
	EndGlobalSection
EndGlobal
